PATH
  remote: .
  specs:
    vagrant-guixsd-guest (0.1.1)

GEM
  remote: https://rubygems.org/
  specs:
    anonymous_loader (0.1.2)
      version_gem (~> 1.1, >= 1.1.13)
    auth-sanitizer (0.2.2)
      version_gem (~> 1.1, >= 1.1.10)
    base64 (0.2.0)
    bcrypt_pbkdf (1.1.2)
    bigdecimal (4.1.2)
    builder (3.2.4)
    childprocess (5.1.0)
      logger (~> 1.5)
    concurrent-ruby (1.3.7)
    csv (3.3.5)
    date (3.5.1)
    ed25519 (1.3.0)
    erubi (1.9.0)
    excon (1.5.0)
      logger
    faraday (2.14.3)
      faraday-net_http (>= 2.0, < 3.5)
      json
      logger
    faraday-net_http (3.4.4)
      net-http (~> 0.5)
    ffi (1.12.2)
    gssapi (1.3.0)
      ffi (>= 1.0.1)
    gyoku (1.3.1)
      builder (>= 2.1.2)
    hashicorp-checkpoint (0.1.5)
    hashie (5.1.0)
      logger
    httpclient (2.8.3)
    i18n (1.15.2)
      concurrent-ruby (~> 1.0)
    ipaddr (1.2.9)
    json (2.20.0)
    jwt (3.2.0)
      base64
    listen (3.10.0)
      logger
      rb-fsevent (~> 0.10, >= 0.10.3)
      rb-inotify (~> 0.9, >= 0.9.10)
    little-plugger (1.1.4)
    log4r (1.1.10)
    logger (1.7.0)
    logging (2.2.2)
      little-plugger (~> 1.1)
      multi_json (~> 1.10)
    mime-types (3.3.1)
      mime-types-data (~> 3.2015)
    mime-types-data (3.2019.1009)
    multi_json (1.14.1)
    multi_xml (0.9.1)
      bigdecimal (>= 3.1, < 5)
    net-ftp (0.3.9)
      net-protocol
      time
    net-http (0.9.1)
      uri (>= 0.11.1)
    net-protocol (0.2.2)
      timeout
    net-scp (4.1.0)
      net-ssh (>= 2.6.5, < 8.0.0)
    net-sftp (4.0.0)
      net-ssh (>= 5.0.0, < 8.0.0)
    net-ssh (7.3.2)
    nori (2.7.1)
      bigdecimal
    oauth2 (2.0.24)
      anonymous_loader (~> 0.1, >= 0.1.1)
      auth-sanitizer (~> 0.2, >= 0.2.2)
      faraday (>= 0.17.3, < 4.0)
      jwt (>= 1.0, < 4.0)
      logger (~> 1.2)
      multi_xml (~> 0.5)
      rack (>= 1.2, < 4)
      snaky_hash (~> 2.0, >= 2.0.6)
      version_gem (~> 1.1, >= 1.1.12)
    ostruct (0.6.3)
    rack (3.2.6)
    rb-fsevent (0.10.3)
    rb-inotify (0.10.1)
      ffi (~> 1.0)
    rb-kqueue (0.2.5)
      ffi (>= 0.5.0)
    rexml (3.4.4)
    rubyntlm (0.6.5)
      base64
    rubyzip (2.3.2)
    snaky_hash (2.0.6)
      hashie (>= 0.1.0, < 6)
      version_gem (>= 1.1.8, < 3)
    time (0.4.2)
      date
    timeout (0.6.1)
    uri (1.1.1)
    vagrant (2.4.9)
      base64 (~> 0.2.0)
      bcrypt_pbkdf (~> 1.1)
      childprocess (~> 5.1)
      csv (~> 3.3)
      ed25519 (~> 1.3.0)
      erubi
      hashicorp-checkpoint (~> 0.1.5)
      i18n (~> 1.12)
      ipaddr (>= 1.2.4)
      listen (~> 3.7)
      log4r (~> 1.1.9, < 1.1.11)
      logger (~> 1.0)
      mime-types (~> 3.3)
      net-ftp (~> 0.2)
      net-scp (~> 4.0)
      net-sftp (~> 4.0)
      net-ssh (~> 7.0)
      ostruct (~> 0.6.0)
      rb-kqueue (~> 0.2.0)
      rexml (~> 3.2)
      rubyzip (~> 2.3.2)
      vagrant_cloud (~> 3.1.2)
      wdm (~> 0.2.0)
      winrm (>= 2.3.9, < 3.0)
      winrm-elevated (>= 1.2.3, < 2.0)
      winrm-fs (>= 1.3.5, < 2.0)
    vagrant_cloud (3.1.3)
      excon (~> 1.0)
      log4r (~> 1.1)
      oauth2 (~> 2.0)
      rexml (~> 3.3)
    version_gem (1.1.13)
    wdm (0.2.0)
    winrm (2.3.9)
      builder (>= 2.1.2)
      erubi (~> 1.8)
      gssapi (~> 1.2)
      gyoku (~> 1.0)
      httpclient (~> 2.2, >= 2.2.0.2)
      logging (>= 1.6.1, < 3.0)
      nori (~> 2.0, >= 2.7.1)
      rexml (~> 3.0)
      rubyntlm (~> 0.6.0, >= 0.6.3)
    winrm-elevated (1.2.3)
      erubi (~> 1.8)
      winrm (~> 2.0)
      winrm-fs (~> 1.0)
    winrm-fs (1.3.5)
      erubi (~> 1.8)
      logging (>= 1.6.1, < 3.0)
      rubyzip (~> 2.0)
      winrm (~> 2.0)

PLATFORMS
  ruby

DEPENDENCIES
  vagrant (= 2.4.9)
  vagrant-guixsd-guest!

BUNDLED WITH
   2.1.2
